
Microsoft Visual Studio Solution File, Format Version 12.00
# Visual Studio 2012
Project("{FAE04EC0-301F-11D3-BF4B-00C04F79EFBC}") = "SmsRu", "SmsRu\SmsRu.csproj", "{41FFDFE5-0E39-410D-A416-78EA91CA6C8A}"
EndProject
Project("{FAE04EC0-301F-11D3-BF4B-00C04F79EFBC}") = "Sample", "Sample\Sample.csproj", "{2130B73A-4510-4790-BB31-CA39ED691A51}"
EndProject
Global
	GlobalSection(SolutionConfigurationPlatforms) = preSolution
		Debug|Any CPU = Debug|Any CPU
		Release|Any CPU = Release|Any CPU
	EndGlobalSection
	GlobalSection(ProjectConfigurationPlatforms) = postSolution
		{41FFDFE5-0E39-410D-A416-78EA91CA6C8A}.Debug|Any CPU.ActiveCfg = Debug|Any CPU
		{41FFDFE5-0E39-410D-A416-78EA91CA6C8A}.Debug|Any CPU.Build.0 = Debug|Any CPU
		{41FFDFE5-0E39-410D-A416-78EA91CA6C8A}.Release|Any CPU.ActiveCfg = Release|Any CPU
		{41FFDFE5-0E39-410D-A416-78EA91CA6C8A}.Release|Any CPU.Build.0 = Release|Any CPU
		{2130B73A-4510-4790-BB31-CA39ED691A51}.Debug|Any CPU.ActiveCfg = Debug|Any CPU
		{2130B73A-4510-4790-BB31-CA39ED691A51}.Debug|Any CPU.Build.0 = Debug|Any CPU
		{2130B73A-4510-4790-BB31-CA39ED691A51}.Release|Any CPU.ActiveCfg = Release|Any CPU
		{2130B73A-4510-4790-BB31-CA39ED691A51}.Release|Any CPU.Build.0 = Release|Any CPU
	EndGlobalSection
	GlobalSection(SolutionProperties) = preSolution
		HideSolutionNode = FALSE
	EndGlobalSection
EndGlobal
